
Microsoft Visual Studio Solution File, Format Version 12.00
# Visual Studio Version 17
VisualStudioVersion = 17.4.33205.214
MinimumVisualStudioVersion = 10.0.40219.1
Project("{FAE04EC0-301F-11D3-BF4B-00C04F79EFBC}") = "TaskMethods", "TaskMethods\TaskMethods.csproj", "{F237E3BA-93AF-4D66-BEB2-BBDAA1A7DE9A}"
EndProject
Global
	GlobalSection(SolutionConfigurationPlatforms) = preSolution
		Debug|Any CPU = Debug|Any CPU
		Release|Any CPU = Release|Any CPU
	EndGlobalSection
	GlobalSection(ProjectConfigurationPlatforms) = postSolution
		{F237E3BA-93AF-4D66-BEB2-BBDAA1A7DE9A}.Debug|Any CPU.ActiveCfg = Debug|Any CPU
		{F237E3BA-93AF-4D66-BEB2-BBDAA1A7DE9A}.Debug|Any CPU.Build.0 = Debug|Any CPU
		{F237E3BA-93AF-4D66-BEB2-BBDAA1A7DE9A}.Release|Any CPU.ActiveCfg = Release|Any CPU
		{F237E3BA-93AF-4D66-BEB2-BBDAA1A7DE9A}.Release|Any CPU.Build.0 = Release|Any CPU
	EndGlobalSection
	GlobalSection(SolutionProperties) = preSolution
		HideSolutionNode = FALSE
	EndGlobalSection
	GlobalSection(ExtensibilityGlobals) = postSolution
		SolutionGuid = {09A85050-F936-41EC-86A3-780420B6268A}
	EndGlobalSection
EndGlobal
